github.com/akavel/rsrc v0.8.0 h1:zjWn7ukO9Kc5Q62DOJCcxGpXC18RawVtYAGdz2aLlfw=
github.com/akavel/rsrc v0.8.0/go.mod h1:uLoCtb9J+EyAqh+26kdrTgmzRBFPGOolLWKpdxkKq+c=
github.com/josephspurrier/goversioninfo v0.0.0-20190209210621-63e6d1acd3dd h1:KikNiFwUO3QLyeKyN4k9yBH9Pcu/gU/yficWi61cJIw=
github.com/josephspurrier/goversioninfo v0.0.0-20190209210621-63e6d1acd3dd/go.mod h1:eJTEwMjXb7kZ633hO3Ln9mBUCOjX2+FlTljvpl9SYdE=
golang.org/x/sys v0.0.0-20190318195719-6c81ef8f67ca h1:o2TLx1bGN3W+Ei0EMU5fShLupLmTOU95KvJJmfYhAzM=
golang.org/x/sys v0.0.0-20190318195719-6c81ef8f67ca/go.mod h1:h1NjWce9XRLGQEsW7wpKNCjG9DtNlClVuFLEZdDNbEs=
